
Microsoft Visual Studio Solution File, Format Version 12.00
# Visual Studio Version 16
VisualStudioVersion = 16.0.31702.278
MinimumVisualStudioVersion = 10.0.40219.1
Project("{FAE04EC0-301F-11D3-BF4B-00C04F79EFBC}") = "lab16.1", "lab16.1\lab16.1.csproj", "{405AB94E-875B-47F0-892A-15918D6BD9FF}"
EndProject
Project("{FAE04EC0-301F-11D3-BF4B-00C04F79EFBC}") = "lab16.2", "lab16.2\lab16.2.csproj", "{12545FB4-036C-4625-9614-7A0717EF4984}"
EndProject
Global
	GlobalSection(SolutionConfigurationPlatforms) = preSolution
		Debug|Any CPU = Debug|Any CPU
		Release|Any CPU = Release|Any CPU
	EndGlobalSection
	GlobalSection(ProjectConfigurationPlatforms) = postSolution
		{405AB94E-875B-47F0-892A-15918D6BD9FF}.Debug|Any CPU.ActiveCfg = Debug|Any CPU
		{405AB94E-875B-47F0-892A-15918D6BD9FF}.Debug|Any CPU.Build.0 = Debug|Any CPU
		{405AB94E-875B-47F0-892A-15918D6BD9FF}.Release|Any CPU.ActiveCfg = Release|Any CPU
		{405AB94E-875B-47F0-892A-15918D6BD9FF}.Release|Any CPU.Build.0 = Release|Any CPU
		{12545FB4-036C-4625-9614-7A0717EF4984}.Debug|Any CPU.ActiveCfg = Debug|Any CPU
		{12545FB4-036C-4625-9614-7A0717EF4984}.Debug|Any CPU.Build.0 = Debug|Any CPU
		{12545FB4-036C-4625-9614-7A0717EF4984}.Release|Any CPU.ActiveCfg = Release|Any CPU
		{12545FB4-036C-4625-9614-7A0717EF4984}.Release|Any CPU.Build.0 = Release|Any CPU
	EndGlobalSection
	GlobalSection(SolutionProperties) = preSolution
		HideSolutionNode = FALSE
	EndGlobalSection
	GlobalSection(ExtensibilityGlobals) = postSolution
		SolutionGuid = {DD38D3D2-8DCB-43AD-B37A-A0A39FA861C0}
	EndGlobalSection
EndGlobal
